<?xml version="1.0" encoding="utf-8"?>
<Project ToolsVersion="4.0" xmlns="http://schemas.microsoft.com/developer/msbuild/2003">
  <ItemGroup>
    <ClCompile Include="framework.cpp">
      <Filter>源文件</Filter>
    </ClCompile>
    <ClCompile Include="..\utils\glad.c">
      <Filter>源文件</Filter>
    </ClCompile>
    <ClCompile Include="VAOGuard.cpp">
      <Filter>源文件</Filter>
    </ClCompile>
  </ItemGroup>
  <ItemGroup>
    <Filter Include="源文件">
      <UniqueIdentifier>{2f6fdea6-4646-429f-b24c-ccc68b6eac13}</UniqueIdentifier>
    </Filter>
    <Filter Include="头文件">
      <UniqueIdentifier>{756d0705-58ad-4b78-a05d-429ef9ab7328}</UniqueIdentifier>
    </Filter>
  </ItemGroup>
  <ItemGroup>
    <ClInclude Include="framework.h">
      <Filter>头文件</Filter>
    </ClInclude>
    <ClInclude Include="VAOGuard.h">
      <Filter>头文件</Filter>
    </ClInclude>
  </ItemGroup>
</Project>